
Microsoft Visual Studio Solution File, Format Version 12.00
# Visual Studio Version 16
VisualStudioVersion = 16.0.30907.101
MinimumVisualStudioVersion = 10.0.40219.1
Project("{FAE04EC0-301F-11D3-BF4B-00C04F79EFBC}") = "DensitySuppression", "DensitySuppression\DensitySuppression.csproj", "{63782FFB-AEC0-420A-9F4E-86C0F62F48CD}"
EndProject
Global
	GlobalSection(SolutionConfigurationPlatforms) = preSolution
		Debug|Any CPU = Debug|Any CPU
		Release|Any CPU = Release|Any CPU
	EndGlobalSection
	GlobalSection(ProjectConfigurationPlatforms) = postSolution
		{63782FFB-AEC0-420A-9F4E-86C0F62F48CD}.Debug|Any CPU.ActiveCfg = Debug|Any CPU
		{63782FFB-AEC0-420A-9F4E-86C0F62F48CD}.Debug|Any CPU.Build.0 = Debug|Any CPU
		{63782FFB-AEC0-420A-9F4E-86C0F62F48CD}.Release|Any CPU.ActiveCfg = Release|Any CPU
		{63782FFB-AEC0-420A-9F4E-86C0F62F48CD}.Release|Any CPU.Build.0 = Release|Any CPU
	EndGlobalSection
	GlobalSection(SolutionProperties) = preSolution
		HideSolutionNode = FALSE
	EndGlobalSection
	GlobalSection(ExtensibilityGlobals) = postSolution
		SolutionGuid = {E3EAF337-FEB0-41F3-8348-DE4D0445143C}
	EndGlobalSection
EndGlobal
